// !$*UTF8*$!
{
	archiveVersion = 1;
	classes = {
	};
	objectVersion = 56;
	objects = {

/* Begin PBXBuildFile section */
		7284E1EE2C2FFA8E0081F8D1 /* AppDelegate.swift in Sources */ = {isa = PBXBuildFile; fileRef = 7284E1ED2C2FFA8E0081F8D1 /* AppDelegate.swift */; };
		7284E1F02C2FFA8E0081F8D1 /* SceneDelegate.swift in Sources */ = {isa = PBXBuildFile; fileRef = 7284E1EF2C2FFA8E0081F8D1 /* SceneDelegate.swift */; };
		7284E1F72C2FFA8F0081F8D1 /* Assets.xcassets in Resources */ = {isa = PBXBuildFile; fileRef = 7284E1F62C2FFA8F0081F8D1 /* Assets.xcassets */; };
		7284E1FA2C2FFA8F0081F8D1 /* LaunchScreen.storyboard in Resources */ = {isa = PBXBuildFile; fileRef = 7284E1F82C2FFA8F0081F8D1 /* LaunchScreen.storyboard */; };
		7284E20A2C3010120081F8D1 /* BaseViewController.swift in Sources */ = {isa = PBXBuildFile; fileRef = 7284E2092C3010120081F8D1 /* BaseViewController.swift */; };
		7284E20D2C3016F60081F8D1 /* Coordinator.swift in Sources */ = {isa = PBXBuildFile; fileRef = 7284E20C2C3016F60081F8D1 /* Coordinator.swift */; };
		7284E20F2C3017D90081F8D1 /* AppCoordinator.swift in Sources */ = {isa = PBXBuildFile; fileRef = 7284E20E2C3017D90081F8D1 /* AppCoordinator.swift */; };
		7284E2112C301CC00081F8D1 /* HomeCoordinator.swift in Sources */ = {isa = PBXBuildFile; fileRef = 7284E2102C301CC00081F8D1 /* HomeCoordinator.swift */; };
		7284E2132C301D790081F8D1 /* HomeViewController.swift in Sources */ = {isa = PBXBuildFile; fileRef = 7284E2122C301D790081F8D1 /* HomeViewController.swift */; };
		7284E2162C3035880081F8D1 /* HomeViewModel.swift in Sources */ = {isa = PBXBuildFile; fileRef = 7284E2152C3035880081F8D1 /* HomeViewModel.swift */; };
		7284E2182C3035930081F8D1 /* Home.storyboard in Resources */ = {isa = PBXBuildFile; fileRef = 7284E2172C3035930081F8D1 /* Home.storyboard */; };
/* End PBXBuildFile section */

/* Begin PBXFileReference section */
		7284E1EA2C2FFA8E0081F8D1 /* InternshipApp.app */ = {isa = PBXFileReference; explicitFileType = wrapper.application; includeInIndex = 0; path = InternshipApp.app; sourceTree = BUILT_PRODUCTS_DIR; };
		7284E1ED2C2FFA8E0081F8D1 /* AppDelegate.swift */ = {isa = PBXFileReference; lastKnownFileType = sourcecode.swift; path = AppDelegate.swift; sourceTree = "<group>"; };
		7284E1EF2C2FFA8E0081F8D1 /* SceneDelegate.swift */ = {isa = PBXFileReference; lastKnownFileType = sourcecode.swift; path = SceneDelegate.swift; sourceTree = "<group>"; };
		7284E1F62C2FFA8F0081F8D1 /* Assets.xcassets */ = {isa = PBXFileReference; lastKnownFileType = folder.assetcatalog; path = Assets.xcassets; sourceTree = "<group>"; };
		7284E1F92C2FFA8F0081F8D1 /* Base */ = {isa = PBXFileReference; lastKnownFileType = file.storyboard; name = Base; path = Base.lproj/LaunchScreen.storyboard; sourceTree = "<group>"; };
		7284E1FB2C2FFA8F0081F8D1 /* Info.plist */ = {isa = PBXFileReference; lastKnownFileType = text.plist.xml; path = Info.plist; sourceTree = "<group>"; };
		7284E2092C3010120081F8D1 /* BaseViewController.swift */ = {isa = PBXFileReference; lastKnownFileType = sourcecode.swift; path = BaseViewController.swift; sourceTree = "<group>"; };
		7284E20C2C3016F60081F8D1 /* Coordinator.swift */ = {isa = PBXFileReference; lastKnownFileType = sourcecode.swift; path = Coordinator.swift; sourceTree = "<group>"; };
		7284E20E2C3017D90081F8D1 /* AppCoordinator.swift */ = {isa = PBXFileReference; lastKnownFileType = sourcecode.swift; path = AppCoordinator.swift; sourceTree = "<group>"; };
		7284E2102C301CC00081F8D1 /* HomeCoordinator.swift */ = {isa = PBXFileReference; lastKnownFileType = sourcecode.swift; path = HomeCoordinator.swift; sourceTree = "<group>"; };
		7284E2122C301D790081F8D1 /* HomeViewController.swift */ = {isa = PBXFileReference; lastKnownFileType = sourcecode.swift; path = HomeViewController.swift; sourceTree = "<group>"; };
		7284E2152C3035880081F8D1 /* HomeViewModel.swift */ = {isa = PBXFileReference; lastKnownFileType = sourcecode.swift; path = HomeViewModel.swift; sourceTree = "<group>"; };
		7284E2172C3035930081F8D1 /* Home.storyboard */ = {isa = PBXFileReference; lastKnownFileType = file.storyboard; path = Home.storyboard; sourceTree = "<group>"; };
/* End PBXFileReference section */

/* Begin PBXFrameworksBuildPhase section */
		7284E1E72C2FFA8E0081F8D1 /* Frameworks */ = {
			isa = PBXFrameworksBuildPhase;
			buildActionMask = 2147483647;
			files = (
			);
			runOnlyForDeploymentPostprocessing = 0;
		};
/* End PBXFrameworksBuildPhase section */

/* Begin PBXGroup section */
		7284E1E12C2FFA8E0081F8D1 = {
			isa = PBXGroup;
			children = (
				7284E1EC2C2FFA8E0081F8D1 /* InternshipApp */,
				7284E1EB2C2FFA8E0081F8D1 /* Products */,
			);
			sourceTree = "<group>";
		};
		7284E1EB2C2FFA8E0081F8D1 /* Products */ = {
			isa = PBXGroup;
			children = (
				7284E1EA2C2FFA8E0081F8D1 /* InternshipApp.app */,
			);
			name = Products;
			sourceTree = "<group>";
		};
		7284E1EC2C2FFA8E0081F8D1 /* InternshipApp */ = {
			isa = PBXGroup;
			children = (
				7284E2012C300F460081F8D1 /* Application */,
				7284E2042C300F710081F8D1 /* Base */,
				7284E1FB2C2FFA8F0081F8D1 /* Info.plist */,
			);
			path = InternshipApp;
			sourceTree = "<group>";
		};
		7284E2012C300F460081F8D1 /* Application */ = {
			isa = PBXGroup;
			children = (
				7284E2192C3035E40081F8D1 /* Support */,
				7284E2142C3035630081F8D1 /* Home */,
				7284E20B2C30129E0081F8D1 /* Coordinators */,
			);
			path = Application;
			sourceTree = "<group>";
		};
		7284E2042C300F710081F8D1 /* Base */ = {
			isa = PBXGroup;
			children = (
				7284E2092C3010120081F8D1 /* BaseViewController.swift */,
			);
			path = Base;
			sourceTree = "<group>";
		};
		7284E20B2C30129E0081F8D1 /* Coordinators */ = {
			isa = PBXGroup;
			children = (
				7284E20E2C3017D90081F8D1 /* AppCoordinator.swift */,
				7284E20C2C3016F60081F8D1 /* Coordinator.swift */,
			);
			path = Coordinators;
			sourceTree = "<group>";
		};
		7284E2142C3035630081F8D1 /* Home */ = {
			isa = PBXGroup;
			children = (
				7284E2102C301CC00081F8D1 /* HomeCoordinator.swift */,
				7284E2122C301D790081F8D1 /* HomeViewController.swift */,
				7284E2152C3035880081F8D1 /* HomeViewModel.swift */,
				7284E2172C3035930081F8D1 /* Home.storyboard */,
			);
			path = Home;
			sourceTree = "<group>";
		};
		7284E2192C3035E40081F8D1 /* Support */ = {
			isa = PBXGroup;
			children = (
				7284E1F62C2FFA8F0081F8D1 /* Assets.xcassets */,
				7284E1F82C2FFA8F0081F8D1 /* LaunchScreen.storyboard */,
				7284E1EF2C2FFA8E0081F8D1 /* SceneDelegate.swift */,
				7284E1ED2C2FFA8E0081F8D1 /* AppDelegate.swift */,
			);
			path = Support;
			sourceTree = "<group>";
		};
/* End PBXGroup section */

/* Begin PBXNativeTarget section */
		7284E1E92C2FFA8E0081F8D1 /* InternshipApp */ = {
			isa = PBXNativeTarget;
			buildConfigurationList = 7284E1FE2C2FFA8F0081F8D1 /* Build configuration list for PBXNativeTarget "InternshipApp" */;
			buildPhases = (
				7284E1E62C2FFA8E0081F8D1 /* Sources */,
				7284E1E72C2FFA8E0081F8D1 /* Frameworks */,
				7284E1E82C2FFA8E0081F8D1 /* Resources */,
			);
			buildRules = (
			);
			dependencies = (
			);
			name = InternshipApp;
			productName = InternshipApp;
			productReference = 7284E1EA2C2FFA8E0081F8D1 /* InternshipApp.app */;
			productType = "com.apple.product-type.application";
		};
/* End PBXNativeTarget section */

/* Begin PBXProject section */
		7284E1E22C2FFA8E0081F8D1 /* Project object */ = {
			isa = PBXProject;
			attributes = {
				BuildIndependentTargetsInParallel = 1;
				LastSwiftUpdateCheck = 1500;
				LastUpgradeCheck = 1500;
				TargetAttributes = {
					7284E1E92C2FFA8E0081F8D1 = {
						CreatedOnToolsVersion = 15.0.1;
					};
				};
			};
			buildConfigurationList = 7284E1E52C2FFA8E0081F8D1 /* Build configuration list for PBXProject "InternshipApp" */;
			compatibilityVersion = "Xcode 14.0";
			developmentRegion = en;
			hasScannedForEncodings = 0;
			knownRegions = (
				en,
				Base,
			);
			mainGroup = 7284E1E12C2FFA8E0081F8D1;
			productRefGroup = 7284E1EB2C2FFA8E0081F8D1 /* Products */;
			projectDirPath = "";
			projectRoot = "";
			targets = (
				7284E1E92C2FFA8E0081F8D1 /* InternshipApp */,
			);
		};
/* End PBXProject section */

/* Begin PBXResourcesBuildPhase section */
		7284E1E82C2FFA8E0081F8D1 /* Resources */ = {
			isa = PBXResourcesBuildPhase;
			buildActionMask = 2147483647;
			files = (
				7284E1FA2C2FFA8F0081F8D1 /* LaunchScreen.storyboard in Resources */,
				7284E1F72C2FFA8F0081F8D1 /* Assets.xcassets in Resources */,
				7284E2182C3035930081F8D1 /* Home.storyboard in Resources */,
			);
			runOnlyForDeploymentPostprocessing = 0;
		};
/* End PBXResourcesBuildPhase section */

/* Begin PBXSourcesBuildPhase section */
		7284E1E62C2FFA8E0081F8D1 /* Sources */ = {
			isa = PBXSourcesBuildPhase;
			buildActionMask = 2147483647;
			files = (
				7284E20D2C3016F60081F8D1 /* Coordinator.swift in Sources */,
				7284E20A2C3010120081F8D1 /* BaseViewController.swift in Sources */,
				7284E20F2C3017D90081F8D1 /* AppCoordinator.swift in Sources */,
				7284E2162C3035880081F8D1 /* HomeViewModel.swift in Sources */,
				7284E1EE2C2FFA8E0081F8D1 /* AppDelegate.swift in Sources */,
				7284E1F02C2FFA8E0081F8D1 /* SceneDelegate.swift in Sources */,
				7284E2132C301D790081F8D1 /* HomeViewController.swift in Sources */,
				7284E2112C301CC00081F8D1 /* HomeCoordinator.swift in Sources */,
			);
			runOnlyForDeploymentPostprocessing = 0;
		};
/* End PBXSourcesBuildPhase section */

/* Begin PBXVariantGroup section */
		7284E1F82C2FFA8F0081F8D1 /* LaunchScreen.storyboard */ = {
			isa = PBXVariantGroup;
			children = (
				7284E1F92C2FFA8F0081F8D1 /* Base */,
			);
			name = LaunchScreen.storyboard;
			sourceTree = "<group>";
		};
/* End PBXVariantGroup section */

/* Begin XCBuildConfiguration section */
		7284E1FC2C2FFA8F0081F8D1 /* Debug */ = {
			isa = XCBuildConfiguration;
			buildSettings = {
				ALWAYS_SEARCH_USER_PATHS = NO;
				ASSETCATALOG_COMPILER_GENERATE_SWIFT_ASSET_SYMBOL_EXTENSIONS = YES;
				CLANG_ANALYZER_NONNULL = YES;
				CLANG_ANALYZER_NUMBER_OBJECT_CONVERSION = YES_AGGRESSIVE;
				CLANG_CXX_LANGUAGE_STANDARD = "gnu++20";
				CLANG_ENABLE_MODULES = YES;
				CLANG_ENABLE_OBJC_ARC = YES;
				CLANG_ENABLE_OBJC_WEAK = YES;
				CLANG_WARN_BLOCK_CAPTURE_AUTORELEASING = YES;
				CLANG_WARN_BOOL_CONVERSION = YES;
				CLANG_WARN_COMMA = YES;
				CLANG_WARN_CONSTANT_CONVERSION = YES;
				CLANG_WARN_DEPRECATED_OBJC_IMPLEMENTATIONS = YES;
				CLANG_WARN_DIRECT_OBJC_ISA_USAGE = YES_ERROR;
				CLANG_WARN_DOCUMENTATION_COMMENTS = YES;
				CLANG_WARN_EMPTY_BODY = YES;
				CLANG_WARN_ENUM_CONVERSION = YES;
				CLANG_WARN_INFINITE_RECURSION = YES;
				CLANG_WARN_INT_CONVERSION = YES;
				CLANG_WARN_NON_LITERAL_NULL_CONVERSION = YES;
				CLANG_WARN_OBJC_IMPLICIT_RETAIN_SELF = YES;
				CLANG_WARN_OBJC_LITERAL_CONVERSION = YES;
				CLANG_WARN_OBJC_ROOT_CLASS = YES_ERROR;
				CLANG_WARN_QUOTED_INCLUDE_IN_FRAMEWORK_HEADER = YES;
				CLANG_WARN_RANGE_LOOP_ANALYSIS = YES;
				CLANG_WARN_STRICT_PROTOTYPES = YES;
				CLANG_WARN_SUSPICIOUS_MOVE = YES;
				CLANG_WARN_UNGUARDED_AVAILABILITY = YES_AGGRESSIVE;
				CLANG_WARN_UNREACHABLE_CODE = YES;
				CLANG_WARN__DUPLICATE_METHOD_MATCH = YES;
				COPY_PHASE_STRIP = NO;
				DEBUG_INFORMATION_FORMAT = dwarf;
				ENABLE_STRICT_OBJC_MSGSEND = YES;
				ENABLE_TESTABILITY = YES;
				ENABLE_USER_SCRIPT_SANDBOXING = YES;
				GCC_C_LANGUAGE_STANDARD = gnu17;
				GCC_DYNAMIC_NO_PIC = NO;
				GCC_NO_COMMON_BLOCKS = YES;
				GCC_OPTIMIZATION_LEVEL = 0;
				GCC_PREPROCESSOR_DEFINITIONS = (
					"DEBUG=1",
					"$(inherited)",
				);
				GCC_WARN_64_TO_32_BIT_CONVERSION = YES;
				GCC_WARN_ABOUT_RETURN_TYPE = YES_ERROR;
				GCC_WARN_UNDECLARED_SELECTOR = YES;
				GCC_WARN_UNINITIALIZED_AUTOS = YES_AGGRESSIVE;
				GCC_WARN_UNUSED_FUNCTION = YES;
				GCC_WARN_UNUSED_VARIABLE = YES;
				IPHONEOS_DEPLOYMENT_TARGET = 17.0;
				LOCALIZATION_PREFERS_STRING_CATALOGS = YES;
				MTL_ENABLE_DEBUG_INFO = INCLUDE_SOURCE;
				MTL_FAST_MATH = YES;
				ONLY_ACTIVE_ARCH = YES;
				SDKROOT = iphoneos;
				SWIFT_ACTIVE_COMPILATION_CONDITIONS = "DEBUG $(inherited)";
				SWIFT_OPTIMIZATION_LEVEL = "-Onone";
			};
			name = Debug;
		};
		7284E1FD2C2FFA8F0081F8D1 /* Release */ = {
			isa = XCBuildConfiguration;
			buildSettings = {
				ALWAYS_SEARCH_USER_PATHS = NO;
				ASSETCATALOG_COMPILER_GENERATE_SWIFT_ASSET_SYMBOL_EXTENSIONS = YES;
				CLANG_ANALYZER_NONNULL = YES;
				CLANG_ANALYZER_NUMBER_OBJECT_CONVERSION = YES_AGGRESSIVE;
				CLANG_CXX_LANGUAGE_STANDARD = "gnu++20";
				CLANG_ENABLE_MODULES = YES;
				CLANG_ENABLE_OBJC_ARC = YES;
				CLANG_ENABLE_OBJC_WEAK = YES;
				CLANG_WARN_BLOCK_CAPTURE_AUTORELEASING = YES;
				CLANG_WARN_BOOL_CONVERSION = YES;
				CLANG_WARN_COMMA = YES;
				CLANG_WARN_CONSTANT_CONVERSION = YES;
				CLANG_WARN_DEPRECATED_OBJC_IMPLEMENTATIONS = YES;
				CLANG_WARN_DIRECT_OBJC_ISA_USAGE = YES_ERROR;
				CLANG_WARN_DOCUMENTATION_COMMENTS = YES;
				CLANG_WARN_EMPTY_BODY = YES;
				CLANG_WARN_ENUM_CONVERSION = YES;
				CLANG_WARN_INFINITE_RECURSION = YES;
				CLANG_WARN_INT_CONVERSION = YES;
				CLANG_WARN_NON_LITERAL_NULL_CONVERSION = YES;
				CLANG_WARN_OBJC_IMPLICIT_RETAIN_SELF = YES;
				CLANG_WARN_OBJC_LITERAL_CONVERSION = YES;
				CLANG_WARN_OBJC_ROOT_CLASS = YES_ERROR;
				CLANG_WARN_QUOTED_INCLUDE_IN_FRAMEWORK_HEADER = YES;
				CLANG_WARN_RANGE_LOOP_ANALYSIS = YES;
				CLANG_WARN_STRICT_PROTOTYPES = YES;
				CLANG_WARN_SUSPICIOUS_MOVE = YES;
				CLANG_WARN_UNGUARDED_AVAILABILITY = YES_AGGRESSIVE;
				CLANG_WARN_UNREACHABLE_CODE = YES;
				CLANG_WARN__DUPLICATE_METHOD_MATCH = YES;
				COPY_PHASE_STRIP = NO;
				DEBUG_INFORMATION_FORMAT = "dwarf-with-dsym";
				ENABLE_NS_ASSERTIONS = NO;
				ENABLE_STRICT_OBJC_MSGSEND = YES;
				ENABLE_USER_SCRIPT_SANDBOXING = YES;
				GCC_C_LANGUAGE_STANDARD = gnu17;
				GCC_NO_COMMON_BLOCKS = YES;
				GCC_WARN_64_TO_32_BIT_CONVERSION = YES;
				GCC_WARN_ABOUT_RETURN_TYPE = YES_ERROR;
				GCC_WARN_UNDECLARED_SELECTOR = YES;
				GCC_WARN_UNINITIALIZED_AUTOS = YES_AGGRESSIVE;
				GCC_WARN_UNUSED_FUNCTION = YES;
				GCC_WARN_UNUSED_VARIABLE = YES;
				IPHONEOS_DEPLOYMENT_TARGET = 17.0;
				LOCALIZATION_PREFERS_STRING_CATALOGS = YES;
				MTL_ENABLE_DEBUG_INFO = NO;
				MTL_FAST_MATH = YES;
				SDKROOT = iphoneos;
				SWIFT_COMPILATION_MODE = wholemodule;
				VALIDATE_PRODUCT = YES;
			};
			name = Release;
		};
		7284E1FF2C2FFA8F0081F8D1 /* Debug */ = {
			isa = XCBuildConfiguration;
			buildSettings = {
				ASSETCATALOG_COMPILER_APPICON_NAME = AppIcon;
				ASSETCATALOG_COMPILER_GLOBAL_ACCENT_COLOR_NAME = AccentColor;
				CODE_SIGN_STYLE = Automatic;
				CURRENT_PROJECT_VERSION = 1;
				GENERATE_INFOPLIST_FILE = YES;
				INFOPLIST_FILE = InternshipApp/Info.plist;
				INFOPLIST_KEY_UIApplicationSupportsIndirectInputEvents = YES;
				INFOPLIST_KEY_UILaunchStoryboardName = LaunchScreen;
				INFOPLIST_KEY_UIMainStoryboardFile = Home;
				INFOPLIST_KEY_UISupportedInterfaceOrientations_iPad = "UIInterfaceOrientationPortrait UIInterfaceOrientationPortraitUpsideDown UIInterfaceOrientationLandscapeLeft UIInterfaceOrientationLandscapeRight";
				INFOPLIST_KEY_UISupportedInterfaceOrientations_iPhone = "UIInterfaceOrientationPortrait UIInterfaceOrientationLandscapeLeft UIInterfaceOrientationLandscapeRight";
				LD_RUNPATH_SEARCH_PATHS = (
					"$(inherited)",
					"@executable_path/Frameworks",
				);
				MARKETING_VERSION = 1.0;
				PRODUCT_BUNDLE_IDENTIFIER = Test.InternshipApp;
				PRODUCT_NAME = "$(TARGET_NAME)";
				SWIFT_EMIT_LOC_STRINGS = YES;
				SWIFT_VERSION = 5.0;
				TARGETED_DEVICE_FAMILY = "1,2";
			};
			name = Debug;
		};
		7284E2002C2FFA8F0081F8D1 /* Release */ = {
			isa = XCBuildConfiguration;
			buildSettings = {
				ASSETCATALOG_COMPILER_APPICON_NAME = AppIcon;
				ASSETCATALOG_COMPILER_GLOBAL_ACCENT_COLOR_NAME = AccentColor;
				CODE_SIGN_STYLE = Automatic;
				CURRENT_PROJECT_VERSION = 1;
				GENERATE_INFOPLIST_FILE = YES;
				INFOPLIST_FILE = InternshipApp/Info.plist;
				INFOPLIST_KEY_UIApplicationSupportsIndirectInputEvents = YES;
				INFOPLIST_KEY_UILaunchStoryboardName = LaunchScreen;
				INFOPLIST_KEY_UIMainStoryboardFile = Home;
				INFOPLIST_KEY_UISupportedInterfaceOrientations_iPad = "UIInterfaceOrientationPortrait UIInterfaceOrientationPortraitUpsideDown UIInterfaceOrientationLandscapeLeft UIInterfaceOrientationLandscapeRight";
				INFOPLIST_KEY_UISupportedInterfaceOrientations_iPhone = "UIInterfaceOrientationPortrait UIInterfaceOrientationLandscapeLeft UIInterfaceOrientationLandscapeRight";
				LD_RUNPATH_SEARCH_PATHS = (
					"$(inherited)",
					"@executable_path/Frameworks",
				);
				MARKETING_VERSION = 1.0;
				PRODUCT_BUNDLE_IDENTIFIER = Test.InternshipApp;
				PRODUCT_NAME = "$(TARGET_NAME)";
				SWIFT_EMIT_LOC_STRINGS = YES;
				SWIFT_VERSION = 5.0;
				TARGETED_DEVICE_FAMILY = "1,2";
			};
			name = Release;
		};
/* End XCBuildConfiguration section */

/* Begin XCConfigurationList section */
		7284E1E52C2FFA8E0081F8D1 /* Build configuration list for PBXProject "InternshipApp" */ = {
			isa = XCConfigurationList;
			buildConfigurations = (
				7284E1FC2C2FFA8F0081F8D1 /* Debug */,
				7284E1FD2C2FFA8F0081F8D1 /* Release */,
			);
			defaultConfigurationIsVisible = 0;
			defaultConfigurationName = Release;
		};
		7284E1FE2C2FFA8F0081F8D1 /* Build configuration list for PBXNativeTarget "InternshipApp" */ = {
			isa = XCConfigurationList;
			buildConfigurations = (
				7284E1FF2C2FFA8F0081F8D1 /* Debug */,
				7284E2002C2FFA8F0081F8D1 /* Release */,
			);
			defaultConfigurationIsVisible = 0;
			defaultConfigurationName = Release;
		};
/* End XCConfigurationList section */
	};
	rootObject = 7284E1E22C2FFA8E0081F8D1 /* Project object */;
}
